# Generated by pub
# See https://dart.dev/tools/pub/glossary#lockfile
packages:
  faker:
    dependency: "direct main"
    description:
      path: "."
      ref: master
      resolved-ref: "94b34858c4136f3042a630f6c67289d657f7e7b9"
      url: "https://github.com/drager/faker.git"
    source: git
    version: "1.1.0"
sdks:
  dart: ">=2.0.0 <3.0.0"
